// !$*UTF8*$!
{
	archiveVersion = 1;
	classes = {
	};
	objectVersion = 48;
	objects = {

/* Begin PBXBuildFile section */
		2E8B87723C9358F1EB3A7A90 /* libPods-rotationTests.a in Frameworks */ = {isa = PBXBuildFile; fileRef = FECBA02522A29506D7C2EFCE /* libPods-rotationTests.a */; };
		7C53FF14ACE688C87D9D8474 /* libPods-rotation.a in Frameworks */ = {isa = PBXBuildFile; fileRef = 9D07F30436041F65EB42A975 /* libPods-rotation.a */; };
		903E2B35A3B9ED623392EDD4 /* libPods-rotationUITests.a in Frameworks */ = {isa = PBXBuildFile; fileRef = 340410F278E5A84171F6095C /* libPods-rotationUITests.a */; };
		E131EB3220A0691B004D8114 /* PhotoCoverView.m in Sources */ = {isa = PBXBuildFile; fileRef = E131EB3120A0691B004D8114 /* PhotoCoverView.m */; };
		E157FC532099C23F002B4917 /* AppDelegate.m in Sources */ = {isa = PBXBuildFile; fileRef = E157FC522099C23F002B4917 /* AppDelegate.m */; };
		E157FC562099C23F002B4917 /* ViewController.m in Sources */ = {isa = PBXBuildFile; fileRef = E157FC552099C23F002B4917 /* ViewController.m */; };
		E157FC592099C23F002B4917 /* Main.storyboard in Resources */ = {isa = PBXBuildFile; fileRef = E157FC572099C23F002B4917 /* Main.storyboard */; };
		E157FC5B2099C23F002B4917 /* Assets.xcassets in Resources */ = {isa = PBXBuildFile; fileRef = E157FC5A2099C23F002B4917 /* Assets.xcassets */; };
		E157FC5E2099C23F002B4917 /* LaunchScreen.storyboard in Resources */ = {isa = PBXBuildFile; fileRef = E157FC5C2099C23F002B4917 /* LaunchScreen.storyboard */; };
		E157FC612099C23F002B4917 /* main.m in Sources */ = {isa = PBXBuildFile; fileRef = E157FC602099C23F002B4917 /* main.m */; };
		E157FC6B2099C23F002B4917 /* rotationTests.m in Sources */ = {isa = PBXBuildFile; fileRef = E157FC6A2099C23F002B4917 /* rotationTests.m */; };
		E157FC762099C23F002B4917 /* rotationUITests.m in Sources */ = {isa = PBXBuildFile; fileRef = E157FC752099C23F002B4917 /* rotationUITests.m */; };
		E157FC852099C5E9002B4917 /* BaseNavigationViewController.m in Sources */ = {isa = PBXBuildFile; fileRef = E157FC842099C5E9002B4917 /* BaseNavigationViewController.m */; };
		E157FC882099CC8C002B4917 /* testViewController.m in Sources */ = {isa = PBXBuildFile; fileRef = E157FC872099CC8C002B4917 /* testViewController.m */; };
		E1A0B319209ACD7700B3FAB3 /* PhotoScrollView.m in Sources */ = {isa = PBXBuildFile; fileRef = E1A0B318209ACD7700B3FAB3 /* PhotoScrollView.m */; };
/* End PBXBuildFile section */

/* Begin PBXContainerItemProxy section */
		E157FC672099C23F002B4917 /* PBXContainerItemProxy */ = {
			isa = PBXContainerItemProxy;
			containerPortal = E157FC462099C23F002B4917 /* Project object */;
			proxyType = 1;
			remoteGlobalIDString = E157FC4D2099C23F002B4917;
			remoteInfo = rotation;
		};
		E157FC722099C23F002B4917 /* PBXContainerItemProxy */ = {
			isa = PBXContainerItemProxy;
			containerPortal = E157FC462099C23F002B4917 /* Project object */;
			proxyType = 1;
			remoteGlobalIDString = E157FC4D2099C23F002B4917;
			remoteInfo = rotation;
		};
/* End PBXContainerItemProxy section */

/* Begin PBXFileReference section */
		09B29CE9A59137A451438042 /* Pods-rotationUITests.debug.xcconfig */ = {isa = PBXFileReference; includeInIndex = 1; lastKnownFileType = text.xcconfig; name = "Pods-rotationUITests.debug.xcconfig"; path = "Pods/Target Support Files/Pods-rotationUITests/Pods-rotationUITests.debug.xcconfig"; sourceTree = "<group>"; };
		340410F278E5A84171F6095C /* libPods-rotationUITests.a */ = {isa = PBXFileReference; explicitFileType = archive.ar; includeInIndex = 0; path = "libPods-rotationUITests.a"; sourceTree = BUILT_PRODUCTS_DIR; };
		44C4121A5C5079E2628FE6AF /* Pods-rotationUITests.release.xcconfig */ = {isa = PBXFileReference; includeInIndex = 1; lastKnownFileType = text.xcconfig; name = "Pods-rotationUITests.release.xcconfig"; path = "Pods/Target Support Files/Pods-rotationUITests/Pods-rotationUITests.release.xcconfig"; sourceTree = "<group>"; };
		53ED3E45A4D88741940E2C5F /* Pods-rotation.release.xcconfig */ = {isa = PBXFileReference; includeInIndex = 1; lastKnownFileType = text.xcconfig; name = "Pods-rotation.release.xcconfig"; path = "Pods/Target Support Files/Pods-rotation/Pods-rotation.release.xcconfig"; sourceTree = "<group>"; };
		9D07F30436041F65EB42A975 /* libPods-rotation.a */ = {isa = PBXFileReference; explicitFileType = archive.ar; includeInIndex = 0; path = "libPods-rotation.a"; sourceTree = BUILT_PRODUCTS_DIR; };
		AABF5C81B224275C31CDD70F /* Pods-rotation.debug.xcconfig */ = {isa = PBXFileReference; includeInIndex = 1; lastKnownFileType = text.xcconfig; name = "Pods-rotation.debug.xcconfig"; path = "Pods/Target Support Files/Pods-rotation/Pods-rotation.debug.xcconfig"; sourceTree = "<group>"; };
		BE99C7D82B2F8CF03499B324 /* Pods-rotationTests.debug.xcconfig */ = {isa = PBXFileReference; includeInIndex = 1; lastKnownFileType = text.xcconfig; name = "Pods-rotationTests.debug.xcconfig"; path = "Pods/Target Support Files/Pods-rotationTests/Pods-rotationTests.debug.xcconfig"; sourceTree = "<group>"; };
		E131EB3020A0691B004D8114 /* PhotoCoverView.h */ = {isa = PBXFileReference; lastKnownFileType = sourcecode.c.h; path = PhotoCoverView.h; sourceTree = "<group>"; };
		E131EB3120A0691B004D8114 /* PhotoCoverView.m */ = {isa = PBXFileReference; lastKnownFileType = sourcecode.c.objc; path = PhotoCoverView.m; sourceTree = "<group>"; };
		E157FC4E2099C23F002B4917 /* rotation.app */ = {isa = PBXFileReference; explicitFileType = wrapper.application; includeInIndex = 0; path = rotation.app; sourceTree = BUILT_PRODUCTS_DIR; };
		E157FC512099C23F002B4917 /* AppDelegate.h */ = {isa = PBXFileReference; lastKnownFileType = sourcecode.c.h; path = AppDelegate.h; sourceTree = "<group>"; };
		E157FC522099C23F002B4917 /* AppDelegate.m */ = {isa = PBXFileReference; lastKnownFileType = sourcecode.c.objc; path = AppDelegate.m; sourceTree = "<group>"; };
		E157FC542099C23F002B4917 /* ViewController.h */ = {isa = PBXFileReference; lastKnownFileType = sourcecode.c.h; path = ViewController.h; sourceTree = "<group>"; };
		E157FC552099C23F002B4917 /* ViewController.m */ = {isa = PBXFileReference; lastKnownFileType = sourcecode.c.objc; path = ViewController.m; sourceTree = "<group>"; };
		E157FC582099C23F002B4917 /* Base */ = {isa = PBXFileReference; lastKnownFileType = file.storyboard; name = Base; path = Base.lproj/Main.storyboard; sourceTree = "<group>"; };
		E157FC5A2099C23F002B4917 /* Assets.xcassets */ = {isa = PBXFileReference; lastKnownFileType = folder.assetcatalog; path = Assets.xcassets; sourceTree = "<group>"; };
		E157FC5D2099C23F002B4917 /* Base */ = {isa = PBXFileReference; lastKnownFileType = file.storyboard; name = Base; path = Base.lproj/LaunchScreen.storyboard; sourceTree = "<group>"; };
		E157FC5F2099C23F002B4917 /* Info.plist */ = {isa = PBXFileReference; lastKnownFileType = text.plist.xml; path = Info.plist; sourceTree = "<group>"; };
		E157FC602099C23F002B4917 /* main.m */ = {isa = PBXFileReference; lastKnownFileType = sourcecode.c.objc; path = main.m; sourceTree = "<group>"; };
		E157FC662099C23F002B4917 /* rotationTests.xctest */ = {isa = PBXFileReference; explicitFileType = wrapper.cfbundle; includeInIndex = 0; path = rotationTests.xctest; sourceTree = BUILT_PRODUCTS_DIR; };
		E157FC6A2099C23F002B4917 /* rotationTests.m */ = {isa = PBXFileReference; lastKnownFileType = sourcecode.c.objc; path = rotationTests.m; sourceTree = "<group>"; };
		E157FC6C2099C23F002B4917 /* Info.plist */ = {isa = PBXFileReference; lastKnownFileType = text.plist.xml; path = Info.plist; sourceTree = "<group>"; };
		E157FC712099C23F002B4917 /* rotationUITests.xctest */ = {isa = PBXFileReference; explicitFileType = wrapper.cfbundle; includeInIndex = 0; path = rotationUITests.xctest; sourceTree = BUILT_PRODUCTS_DIR; };
		E157FC752099C23F002B4917 /* rotationUITests.m */ = {isa = PBXFileReference; lastKnownFileType = sourcecode.c.objc; path = rotationUITests.m; sourceTree = "<group>"; };
		E157FC772099C23F002B4917 /* Info.plist */ = {isa = PBXFileReference; lastKnownFileType = text.plist.xml; path = Info.plist; sourceTree = "<group>"; };
		E157FC832099C5E9002B4917 /* BaseNavigationViewController.h */ = {isa = PBXFileReference; lastKnownFileType = sourcecode.c.h; path = BaseNavigationViewController.h; sourceTree = "<group>"; };
		E157FC842099C5E9002B4917 /* BaseNavigationViewController.m */ = {isa = PBXFileReference; lastKnownFileType = sourcecode.c.objc; path = BaseNavigationViewController.m; sourceTree = "<group>"; };
		E157FC862099CC8C002B4917 /* testViewController.h */ = {isa = PBXFileReference; lastKnownFileType = sourcecode.c.h; path = testViewController.h; sourceTree = "<group>"; };
		E157FC872099CC8C002B4917 /* testViewController.m */ = {isa = PBXFileReference; lastKnownFileType = sourcecode.c.objc; path = testViewController.m; sourceTree = "<group>"; };
		E1A0B317209ACD7700B3FAB3 /* PhotoScrollView.h */ = {isa = PBXFileReference; lastKnownFileType = sourcecode.c.h; path = PhotoScrollView.h; sourceTree = "<group>"; };
		E1A0B318209ACD7700B3FAB3 /* PhotoScrollView.m */ = {isa = PBXFileReference; lastKnownFileType = sourcecode.c.objc; path = PhotoScrollView.m; sourceTree = "<group>"; };
		FD56C24C9D36034B2A0D598E /* Pods-rotationTests.release.xcconfig */ = {isa = PBXFileReference; includeInIndex = 1; lastKnownFileType = text.xcconfig; name = "Pods-rotationTests.release.xcconfig"; path = "Pods/Target Support Files/Pods-rotationTests/Pods-rotationTests.release.xcconfig"; sourceTree = "<group>"; };
		FECBA02522A29506D7C2EFCE /* libPods-rotationTests.a */ = {isa = PBXFileReference; explicitFileType = archive.ar; includeInIndex = 0; path = "libPods-rotationTests.a"; sourceTree = BUILT_PRODUCTS_DIR; };
/* End PBXFileReference section */

/* Begin PBXFrameworksBuildPhase section */
		E157FC4B2099C23F002B4917 /* Frameworks */ = {
			isa = PBXFrameworksBuildPhase;
			buildActionMask = 2147483647;
			files = (
				7C53FF14ACE688C87D9D8474 /* libPods-rotation.a in Frameworks */,
			);
			runOnlyForDeploymentPostprocessing = 0;
		};
		E157FC632099C23F002B4917 /* Frameworks */ = {
			isa = PBXFrameworksBuildPhase;
			buildActionMask = 2147483647;
			files = (
				2E8B87723C9358F1EB3A7A90 /* libPods-rotationTests.a in Frameworks */,
			);
			runOnlyForDeploymentPostprocessing = 0;
		};
		E157FC6E2099C23F002B4917 /* Frameworks */ = {
			isa = PBXFrameworksBuildPhase;
			buildActionMask = 2147483647;
			files = (
				903E2B35A3B9ED623392EDD4 /* libPods-rotationUITests.a in Frameworks */,
			);
			runOnlyForDeploymentPostprocessing = 0;
		};
/* End PBXFrameworksBuildPhase section */

/* Begin PBXGroup section */
		15F808BEA24B2577C4AC73F3 /* Frameworks */ = {
			isa = PBXGroup;
			children = (
				9D07F30436041F65EB42A975 /* libPods-rotation.a */,
				FECBA02522A29506D7C2EFCE /* libPods-rotationTests.a */,
				340410F278E5A84171F6095C /* libPods-rotationUITests.a */,
			);
			name = Frameworks;
			sourceTree = "<group>";
		};
		16ADB2E25E1E81815CB87362 /* Pods */ = {
			isa = PBXGroup;
			children = (
				AABF5C81B224275C31CDD70F /* Pods-rotation.debug.xcconfig */,
				53ED3E45A4D88741940E2C5F /* Pods-rotation.release.xcconfig */,
				BE99C7D82B2F8CF03499B324 /* Pods-rotationTests.debug.xcconfig */,
				FD56C24C9D36034B2A0D598E /* Pods-rotationTests.release.xcconfig */,
				09B29CE9A59137A451438042 /* Pods-rotationUITests.debug.xcconfig */,
				44C4121A5C5079E2628FE6AF /* Pods-rotationUITests.release.xcconfig */,
			);
			name = Pods;
			sourceTree = "<group>";
		};
		E157FC452099C23F002B4917 = {
			isa = PBXGroup;
			children = (
				E157FC502099C23F002B4917 /* rotation */,
				E157FC692099C23F002B4917 /* rotationTests */,
				E157FC742099C23F002B4917 /* rotationUITests */,
				E157FC4F2099C23F002B4917 /* Products */,
				16ADB2E25E1E81815CB87362 /* Pods */,
				15F808BEA24B2577C4AC73F3 /* Frameworks */,
			);
			sourceTree = "<group>";
		};
		E157FC4F2099C23F002B4917 /* Products */ = {
			isa = PBXGroup;
			children = (
				E157FC4E2099C23F002B4917 /* rotation.app */,
				E157FC662099C23F002B4917 /* rotationTests.xctest */,
				E157FC712099C23F002B4917 /* rotationUITests.xctest */,
			);
			name = Products;
			sourceTree = "<group>";
		};
		E157FC502099C23F002B4917 /* rotation */ = {
			isa = PBXGroup;
			children = (
				E157FC512099C23F002B4917 /* AppDelegate.h */,
				E157FC522099C23F002B4917 /* AppDelegate.m */,
				E157FC542099C23F002B4917 /* ViewController.h */,
				E157FC552099C23F002B4917 /* ViewController.m */,
				E157FC832099C5E9002B4917 /* BaseNavigationViewController.h */,
				E157FC842099C5E9002B4917 /* BaseNavigationViewController.m */,
				E157FC862099CC8C002B4917 /* testViewController.h */,
				E157FC872099CC8C002B4917 /* testViewController.m */,
				E1A0B317209ACD7700B3FAB3 /* PhotoScrollView.h */,
				E1A0B318209ACD7700B3FAB3 /* PhotoScrollView.m */,
				E131EB3020A0691B004D8114 /* PhotoCoverView.h */,
				E131EB3120A0691B004D8114 /* PhotoCoverView.m */,
				E157FC572099C23F002B4917 /* Main.storyboard */,
				E157FC5A2099C23F002B4917 /* Assets.xcassets */,
				E157FC5C2099C23F002B4917 /* LaunchScreen.storyboard */,
				E157FC5F2099C23F002B4917 /* Info.plist */,
				E157FC602099C23F002B4917 /* main.m */,
			);
			path = rotation;
			sourceTree = "<group>";
		};
		E157FC692099C23F002B4917 /* rotationTests */ = {
			isa = PBXGroup;
			children = (
				E157FC6A2099C23F002B4917 /* rotationTests.m */,
				E157FC6C2099C23F002B4917 /* Info.plist */,
			);
			path = rotationTests;
			sourceTree = "<group>";
		};
		E157FC742099C23F002B4917 /* rotationUITests */ = {
			isa = PBXGroup;
			children = (
				E157FC752099C23F002B4917 /* rotationUITests.m */,
				E157FC772099C23F002B4917 /* Info.plist */,
			);
			path = rotationUITests;
			sourceTree = "<group>";
		};
/* End PBXGroup section */

/* Begin PBXNativeTarget section */
		E157FC4D2099C23F002B4917 /* rotation */ = {
			isa = PBXNativeTarget;
			buildConfigurationList = E157FC7A2099C23F002B4917 /* Build configuration list for PBXNativeTarget "rotation" */;
			buildPhases = (
				41503CB41C81F39A3940E2A6 /* [CP] Check Pods Manifest.lock */,
				E157FC4A2099C23F002B4917 /* Sources */,
				E157FC4B2099C23F002B4917 /* Frameworks */,
				E157FC4C2099C23F002B4917 /* Resources */,
				1CD04705994E8C3DBEC8DDDA /* [CP] Embed Pods Frameworks */,
				A2409FA597A9519C0BAD6120 /* [CP] Copy Pods Resources */,
			);
			buildRules = (
			);
			dependencies = (
			);
			name = rotation;
			productName = rotation;
			productReference = E157FC4E2099C23F002B4917 /* rotation.app */;
			productType = "com.apple.product-type.application";
		};
		E157FC652099C23F002B4917 /* rotationTests */ = {
			isa = PBXNativeTarget;
			buildConfigurationList = E157FC7D2099C23F002B4917 /* Build configuration list for PBXNativeTarget "rotationTests" */;
			buildPhases = (
				A0D9E9F6B0C2B8E22122151D /* [CP] Check Pods Manifest.lock */,
				E157FC622099C23F002B4917 /* Sources */,
				E157FC632099C23F002B4917 /* Frameworks */,
				E157FC642099C23F002B4917 /* Resources */,
				8B4E8822D2F992A57B56085D /* [CP] Embed Pods Frameworks */,
				41FF4B362DD067F9BF07EA70 /* [CP] Copy Pods Resources */,
			);
			buildRules = (
			);
			dependencies = (
				E157FC682099C23F002B4917 /* PBXTargetDependency */,
			);
			name = rotationTests;
			productName = rotationTests;
			productReference = E157FC662099C23F002B4917 /* rotationTests.xctest */;
			productType = "com.apple.product-type.bundle.unit-test";
		};
		E157FC702099C23F002B4917 /* rotationUITests */ = {
			isa = PBXNativeTarget;
			buildConfigurationList = E157FC802099C23F002B4917 /* Build configuration list for PBXNativeTarget "rotationUITests" */;
			buildPhases = (
				CEB9CC47C7B1EB58EDF11C61 /* [CP] Check Pods Manifest.lock */,
				E157FC6D2099C23F002B4917 /* Sources */,
				E157FC6E2099C23F002B4917 /* Frameworks */,
				E157FC6F2099C23F002B4917 /* Resources */,
				DAEBFFC432980419E11B8DDD /* [CP] Embed Pods Frameworks */,
				2C37C33FC39BDB4B167704A7 /* [CP] Copy Pods Resources */,
			);
			buildRules = (
			);
			dependencies = (
				E157FC732099C23F002B4917 /* PBXTargetDependency */,
			);
			name = rotationUITests;
			productName = rotationUITests;
			productReference = E157FC712099C23F002B4917 /* rotationUITests.xctest */;
			productType = "com.apple.product-type.bundle.ui-testing";
		};
/* End PBXNativeTarget section */

/* Begin PBXProject section */
		E157FC462099C23F002B4917 /* Project object */ = {
			isa = PBXProject;
			attributes = {
				LastUpgradeCheck = 0920;
				ORGANIZATIONNAME = "何泽的mac";
				TargetAttributes = {
					E157FC4D2099C23F002B4917 = {
						CreatedOnToolsVersion = 9.2;
						ProvisioningStyle = Automatic;
					};
					E157FC652099C23F002B4917 = {
						CreatedOnToolsVersion = 9.2;
						ProvisioningStyle = Automatic;
						TestTargetID = E157FC4D2099C23F002B4917;
					};
					E157FC702099C23F002B4917 = {
						CreatedOnToolsVersion = 9.2;
						ProvisioningStyle = Automatic;
						TestTargetID = E157FC4D2099C23F002B4917;
					};
				};
			};
			buildConfigurationList = E157FC492099C23F002B4917 /* Build configuration list for PBXProject "rotation" */;
			compatibilityVersion = "Xcode 8.0";
			developmentRegion = en;
			hasScannedForEncodings = 0;
			knownRegions = (
				en,
				Base,
			);
			mainGroup = E157FC452099C23F002B4917;
			productRefGroup = E157FC4F2099C23F002B4917 /* Products */;
			projectDirPath = "";
			projectRoot = "";
			targets = (
				E157FC4D2099C23F002B4917 /* rotation */,
				E157FC652099C23F002B4917 /* rotationTests */,
				E157FC702099C23F002B4917 /* rotationUITests */,
			);
		};
/* End PBXProject section */

/* Begin PBXResourcesBuildPhase section */
		E157FC4C2099C23F002B4917 /* Resources */ = {
			isa = PBXResourcesBuildPhase;
			buildActionMask = 2147483647;
			files = (
				E157FC5E2099C23F002B4917 /* LaunchScreen.storyboard in Resources */,
				E157FC5B2099C23F002B4917 /* Assets.xcassets in Resources */,
				E157FC592099C23F002B4917 /* Main.storyboard in Resources */,
			);
			runOnlyForDeploymentPostprocessing = 0;
		};
		E157FC642099C23F002B4917 /* Resources */ = {
			isa = PBXResourcesBuildPhase;
			buildActionMask = 2147483647;
			files = (
			);
			runOnlyForDeploymentPostprocessing = 0;
		};
		E157FC6F2099C23F002B4917 /* Resources */ = {
			isa = PBXResourcesBuildPhase;
			buildActionMask = 2147483647;
			files = (
			);
			runOnlyForDeploymentPostprocessing = 0;
		};
/* End PBXResourcesBuildPhase section */

/* Begin PBXShellScriptBuildPhase section */
		1CD04705994E8C3DBEC8DDDA /* [CP] Embed Pods Frameworks */ = {
			isa = PBXShellScriptBuildPhase;
			buildActionMask = 2147483647;
			files = (
			);
			inputPaths = (
			);
			name = "[CP] Embed Pods Frameworks";
			outputPaths = (
			);
			runOnlyForDeploymentPostprocessing = 0;
			shellPath = /bin/sh;
			shellScript = "\"${SRCROOT}/Pods/Target Support Files/Pods-rotation/Pods-rotation-frameworks.sh\"\n";
			showEnvVarsInLog = 0;
		};
		2C37C33FC39BDB4B167704A7 /* [CP] Copy Pods Resources */ = {
			isa = PBXShellScriptBuildPhase;
			buildActionMask = 2147483647;
			files = (
			);
			inputPaths = (
			);
			name = "[CP] Copy Pods Resources";
			outputPaths = (
			);
			runOnlyForDeploymentPostprocessing = 0;
			shellPath = /bin/sh;
			shellScript = "\"${SRCROOT}/Pods/Target Support Files/Pods-rotationUITests/Pods-rotationUITests-resources.sh\"\n";
			showEnvVarsInLog = 0;
		};
		41503CB41C81F39A3940E2A6 /* [CP] Check Pods Manifest.lock */ = {
			isa = PBXShellScriptBuildPhase;
			buildActionMask = 2147483647;
			files = (
			);
			inputPaths = (
				"${PODS_PODFILE_DIR_PATH}/Podfile.lock",
				"${PODS_ROOT}/Manifest.lock",
			);
			name = "[CP] Check Pods Manifest.lock";
			outputPaths = (
				"$(DERIVED_FILE_DIR)/Pods-rotation-checkManifestLockResult.txt",
			);
			runOnlyForDeploymentPostprocessing = 0;
			shellPath = /bin/sh;
			shellScript = "diff \"${PODS_PODFILE_DIR_PATH}/Podfile.lock\" \"${PODS_ROOT}/Manifest.lock\" > /dev/null\nif [ $? != 0 ] ; then\n    # print error to STDERR\n    echo \"error: The sandbox is not in sync with the Podfile.lock. Run 'pod install' or update your CocoaPods installation.\" >&2\n    exit 1\nfi\n# This output is used by Xcode 'outputs' to avoid re-running this script phase.\necho \"SUCCESS\" > \"${SCRIPT_OUTPUT_FILE_0}\"\n";
			showEnvVarsInLog = 0;
		};
		41FF4B362DD067F9BF07EA70 /* [CP] Copy Pods Resources */ = {
			isa = PBXShellScriptBuildPhase;
			buildActionMask = 2147483647;
			files = (
			);
			inputPaths = (
			);
			name = "[CP] Copy Pods Resources";
			outputPaths = (
			);
			runOnlyForDeploymentPostprocessing = 0;
			shellPath = /bin/sh;
			shellScript = "\"${SRCROOT}/Pods/Target Support Files/Pods-rotationTests/Pods-rotationTests-resources.sh\"\n";
			showEnvVarsInLog = 0;
		};
		8B4E8822D2F992A57B56085D /* [CP] Embed Pods Frameworks */ = {
			isa = PBXShellScriptBuildPhase;
			buildActionMask = 2147483647;
			files = (
			);
			inputPaths = (
			);
			name = "[CP] Embed Pods Frameworks";
			outputPaths = (
			);
			runOnlyForDeploymentPostprocessing = 0;
			shellPath = /bin/sh;
			shellScript = "\"${SRCROOT}/Pods/Target Support Files/Pods-rotationTests/Pods-rotationTests-frameworks.sh\"\n";
			showEnvVarsInLog = 0;
		};
		A0D9E9F6B0C2B8E22122151D /* [CP] Check Pods Manifest.lock */ = {
			isa = PBXShellScriptBuildPhase;
			buildActionMask = 2147483647;
			files = (
			);
			inputPaths = (
				"${PODS_PODFILE_DIR_PATH}/Podfile.lock",
				"${PODS_ROOT}/Manifest.lock",
			);
			name = "[CP] Check Pods Manifest.lock";
			outputPaths = (
				"$(DERIVED_FILE_DIR)/Pods-rotationTests-checkManifestLockResult.txt",
			);
			runOnlyForDeploymentPostprocessing = 0;
			shellPath = /bin/sh;
			shellScript = "diff \"${PODS_PODFILE_DIR_PATH}/Podfile.lock\" \"${PODS_ROOT}/Manifest.lock\" > /dev/null\nif [ $? != 0 ] ; then\n    # print error to STDERR\n    echo \"error: The sandbox is not in sync with the Podfile.lock. Run 'pod install' or update your CocoaPods installation.\" >&2\n    exit 1\nfi\n# This output is used by Xcode 'outputs' to avoid re-running this script phase.\necho \"SUCCESS\" > \"${SCRIPT_OUTPUT_FILE_0}\"\n";
			showEnvVarsInLog = 0;
		};
		A2409FA597A9519C0BAD6120 /* [CP] Copy Pods Resources */ = {
			isa = PBXShellScriptBuildPhase;
			buildActionMask = 2147483647;
			files = (
			);
			inputPaths = (
			);
			name = "[CP] Copy Pods Resources";
			outputPaths = (
			);
			runOnlyForDeploymentPostprocessing = 0;
			shellPath = /bin/sh;
			shellScript = "\"${SRCROOT}/Pods/Target Support Files/Pods-rotation/Pods-rotation-resources.sh\"\n";
			showEnvVarsInLog = 0;
		};
		CEB9CC47C7B1EB58EDF11C61 /* [CP] Check Pods Manifest.lock */ = {
			isa = PBXShellScriptBuildPhase;
			buildActionMask = 2147483647;
			files = (
			);
			inputPaths = (
				"${PODS_PODFILE_DIR_PATH}/Podfile.lock",
				"${PODS_ROOT}/Manifest.lock",
			);
			name = "[CP] Check Pods Manifest.lock";
			outputPaths = (
				"$(DERIVED_FILE_DIR)/Pods-rotationUITests-checkManifestLockResult.txt",
			);
			runOnlyForDeploymentPostprocessing = 0;
			shellPath = /bin/sh;
			shellScript = "diff \"${PODS_PODFILE_DIR_PATH}/Podfile.lock\" \"${PODS_ROOT}/Manifest.lock\" > /dev/null\nif [ $? != 0 ] ; then\n    # print error to STDERR\n    echo \"error: The sandbox is not in sync with the Podfile.lock. Run 'pod install' or update your CocoaPods installation.\" >&2\n    exit 1\nfi\n# This output is used by Xcode 'outputs' to avoid re-running this script phase.\necho \"SUCCESS\" > \"${SCRIPT_OUTPUT_FILE_0}\"\n";
			showEnvVarsInLog = 0;
		};
		DAEBFFC432980419E11B8DDD /* [CP] Embed Pods Frameworks */ = {
			isa = PBXShellScriptBuildPhase;
			buildActionMask = 2147483647;
			files = (
			);
			inputPaths = (
			);
			name = "[CP] Embed Pods Frameworks";
			outputPaths = (
			);
			runOnlyForDeploymentPostprocessing = 0;
			shellPath = /bin/sh;
			shellScript = "\"${SRCROOT}/Pods/Target Support Files/Pods-rotationUITests/Pods-rotationUITests-frameworks.sh\"\n";
			showEnvVarsInLog = 0;
		};
/* End PBXShellScriptBuildPhase section */

/* Begin PBXSourcesBuildPhase section */
		E157FC4A2099C23F002B4917 /* Sources */ = {
			isa = PBXSourcesBuildPhase;
			buildActionMask = 2147483647;
			files = (
				E1A0B319209ACD7700B3FAB3 /* PhotoScrollView.m in Sources */,
				E157FC562099C23F002B4917 /* ViewController.m in Sources */,
				E157FC612099C23F002B4917 /* main.m in Sources */,
				E131EB3220A0691B004D8114 /* PhotoCoverView.m in Sources */,
				E157FC532099C23F002B4917 /* AppDelegate.m in Sources */,
				E157FC852099C5E9002B4917 /* BaseNavigationViewController.m in Sources */,
				E157FC882099CC8C002B4917 /* testViewController.m in Sources */,
			);
			runOnlyForDeploymentPostprocessing = 0;
		};
		E157FC622099C23F002B4917 /* Sources */ = {
			isa = PBXSourcesBuildPhase;
			buildActionMask = 2147483647;
			files = (
				E157FC6B2099C23F002B4917 /* rotationTests.m in Sources */,
			);
			runOnlyForDeploymentPostprocessing = 0;
		};
		E157FC6D2099C23F002B4917 /* Sources */ = {
			isa = PBXSourcesBuildPhase;
			buildActionMask = 2147483647;
			files = (
				E157FC762099C23F002B4917 /* rotationUITests.m in Sources */,
			);
			runOnlyForDeploymentPostprocessing = 0;
		};
/* End PBXSourcesBuildPhase section */

/* Begin PBXTargetDependency section */
		E157FC682099C23F002B4917 /* PBXTargetDependency */ = {
			isa = PBXTargetDependency;
			target = E157FC4D2099C23F002B4917 /* rotation */;
			targetProxy = E157FC672099C23F002B4917 /* PBXContainerItemProxy */;
		};
		E157FC732099C23F002B4917 /* PBXTargetDependency */ = {
			isa = PBXTargetDependency;
			target = E157FC4D2099C23F002B4917 /* rotation */;
			targetProxy = E157FC722099C23F002B4917 /* PBXContainerItemProxy */;
		};
/* End PBXTargetDependency section */

/* Begin PBXVariantGroup section */
		E157FC572099C23F002B4917 /* Main.storyboard */ = {
			isa = PBXVariantGroup;
			children = (
				E157FC582099C23F002B4917 /* Base */,
			);
			name = Main.storyboard;
			sourceTree = "<group>";
		};
		E157FC5C2099C23F002B4917 /* LaunchScreen.storyboard */ = {
			isa = PBXVariantGroup;
			children = (
				E157FC5D2099C23F002B4917 /* Base */,
			);
			name = LaunchScreen.storyboard;
			sourceTree = "<group>";
		};
/* End PBXVariantGroup section */

/* Begin XCBuildConfiguration section */
		E157FC782099C23F002B4917 /* Debug */ = {
			isa = XCBuildConfiguration;
			buildSettings = {
				ALWAYS_SEARCH_USER_PATHS = NO;
				CLANG_ANALYZER_NONNULL = YES;
				CLANG_ANALYZER_NUMBER_OBJECT_CONVERSION = YES_AGGRESSIVE;
				CLANG_CXX_LANGUAGE_STANDARD = "gnu++14";
				CLANG_CXX_LIBRARY = "libc++";
				CLANG_ENABLE_MODULES = YES;
				CLANG_ENABLE_OBJC_ARC = YES;
				CLANG_WARN_BLOCK_CAPTURE_AUTORELEASING = YES;
				CLANG_WARN_BOOL_CONVERSION = YES;
				CLANG_WARN_COMMA = YES;
				CLANG_WARN_CONSTANT_CONVERSION = YES;
				CLANG_WARN_DIRECT_OBJC_ISA_USAGE = YES_ERROR;
				CLANG_WARN_DOCUMENTATION_COMMENTS = YES;
				CLANG_WARN_EMPTY_BODY = YES;
				CLANG_WARN_ENUM_CONVERSION = YES;
				CLANG_WARN_INFINITE_RECURSION = YES;
				CLANG_WARN_INT_CONVERSION = YES;
				CLANG_WARN_NON_LITERAL_NULL_CONVERSION = YES;
				CLANG_WARN_OBJC_LITERAL_CONVERSION = YES;
				CLANG_WARN_OBJC_ROOT_CLASS = YES_ERROR;
				CLANG_WARN_RANGE_LOOP_ANALYSIS = YES;
				CLANG_WARN_STRICT_PROTOTYPES = YES;
				CLANG_WARN_SUSPICIOUS_MOVE = YES;
				CLANG_WARN_UNGUARDED_AVAILABILITY = YES_AGGRESSIVE;
				CLANG_WARN_UNREACHABLE_CODE = YES;
				CLANG_WARN__DUPLICATE_METHOD_MATCH = YES;
				CODE_SIGN_IDENTITY = "iPhone Developer";
				COPY_PHASE_STRIP = NO;
				DEBUG_INFORMATION_FORMAT = dwarf;
				ENABLE_STRICT_OBJC_MSGSEND = YES;
				ENABLE_TESTABILITY = YES;
				GCC_C_LANGUAGE_STANDARD = gnu11;
				GCC_DYNAMIC_NO_PIC = NO;
				GCC_NO_COMMON_BLOCKS = YES;
				GCC_OPTIMIZATION_LEVEL = 0;
				GCC_PREPROCESSOR_DEFINITIONS = (
					"DEBUG=1",
					"$(inherited)",
				);
				GCC_WARN_64_TO_32_BIT_CONVERSION = YES;
				GCC_WARN_ABOUT_RETURN_TYPE = YES_ERROR;
				GCC_WARN_UNDECLARED_SELECTOR = YES;
				GCC_WARN_UNINITIALIZED_AUTOS = YES_AGGRESSIVE;
				GCC_WARN_UNUSED_FUNCTION = YES;
				GCC_WARN_UNUSED_VARIABLE = YES;
				IPHONEOS_DEPLOYMENT_TARGET = 11.2;
				MTL_ENABLE_DEBUG_INFO = YES;
				ONLY_ACTIVE_ARCH = YES;
				SDKROOT = iphoneos;
			};
			name = Debug;
		};
		E157FC792099C23F002B4917 /* Release */ = {
			isa = XCBuildConfiguration;
			buildSettings = {
				ALWAYS_SEARCH_USER_PATHS = NO;
				CLANG_ANALYZER_NONNULL = YES;
				CLANG_ANALYZER_NUMBER_OBJECT_CONVERSION = YES_AGGRESSIVE;
				CLANG_CXX_LANGUAGE_STANDARD = "gnu++14";
				CLANG_CXX_LIBRARY = "libc++";
				CLANG_ENABLE_MODULES = YES;
				CLANG_ENABLE_OBJC_ARC = YES;
				CLANG_WARN_BLOCK_CAPTURE_AUTORELEASING = YES;
				CLANG_WARN_BOOL_CONVERSION = YES;
				CLANG_WARN_COMMA = YES;
				CLANG_WARN_CONSTANT_CONVERSION = YES;
				CLANG_WARN_DIRECT_OBJC_ISA_USAGE = YES_ERROR;
				CLANG_WARN_DOCUMENTATION_COMMENTS = YES;
				CLANG_WARN_EMPTY_BODY = YES;
				CLANG_WARN_ENUM_CONVERSION = YES;
				CLANG_WARN_INFINITE_RECURSION = YES;
				CLANG_WARN_INT_CONVERSION = YES;
				CLANG_WARN_NON_LITERAL_NULL_CONVERSION = YES;
				CLANG_WARN_OBJC_LITERAL_CONVERSION = YES;
				CLANG_WARN_OBJC_ROOT_CLASS = YES_ERROR;
				CLANG_WARN_RANGE_LOOP_ANALYSIS = YES;
				CLANG_WARN_STRICT_PROTOTYPES = YES;
				CLANG_WARN_SUSPICIOUS_MOVE = YES;
				CLANG_WARN_UNGUARDED_AVAILABILITY = YES_AGGRESSIVE;
				CLANG_WARN_UNREACHABLE_CODE = YES;
				CLANG_WARN__DUPLICATE_METHOD_MATCH = YES;
				CODE_SIGN_IDENTITY = "iPhone Developer";
				COPY_PHASE_STRIP = NO;
				DEBUG_INFORMATION_FORMAT = "dwarf-with-dsym";
				ENABLE_NS_ASSERTIONS = NO;
				ENABLE_STRICT_OBJC_MSGSEND = YES;
				GCC_C_LANGUAGE_STANDARD = gnu11;
				GCC_NO_COMMON_BLOCKS = YES;
				GCC_WARN_64_TO_32_BIT_CONVERSION = YES;
				GCC_WARN_ABOUT_RETURN_TYPE = YES_ERROR;
				GCC_WARN_UNDECLARED_SELECTOR = YES;
				GCC_WARN_UNINITIALIZED_AUTOS = YES_AGGRESSIVE;
				GCC_WARN_UNUSED_FUNCTION = YES;
				GCC_WARN_UNUSED_VARIABLE = YES;
				IPHONEOS_DEPLOYMENT_TARGET = 11.2;
				MTL_ENABLE_DEBUG_INFO = NO;
				SDKROOT = iphoneos;
				VALIDATE_PRODUCT = YES;
			};
			name = Release;
		};
		E157FC7B2099C23F002B4917 /* Debug */ = {
			isa = XCBuildConfiguration;
			baseConfigurationReference = AABF5C81B224275C31CDD70F /* Pods-rotation.debug.xcconfig */;
			buildSettings = {
				ASSETCATALOG_COMPILER_APPICON_NAME = AppIcon;
				CODE_SIGN_STYLE = Automatic;
				DEVELOPMENT_TEAM = 6B3539P8YN;
				INFOPLIST_FILE = rotation/Info.plist;
				IPHONEOS_DEPLOYMENT_TARGET = 9.0;
				LD_RUNPATH_SEARCH_PATHS = "$(inherited) @executable_path/Frameworks";
				PRODUCT_BUNDLE_IDENTIFIER = com.cheanda.carmonitorv1.rotation;
				PRODUCT_NAME = "$(TARGET_NAME)";
				TARGETED_DEVICE_FAMILY = "1,2";
			};
			name = Debug;
		};
		E157FC7C2099C23F002B4917 /* Release */ = {
			isa = XCBuildConfiguration;
			baseConfigurationReference = 53ED3E45A4D88741940E2C5F /* Pods-rotation.release.xcconfig */;
			buildSettings = {
				ASSETCATALOG_COMPILER_APPICON_NAME = AppIcon;
				CODE_SIGN_STYLE = Automatic;
				DEVELOPMENT_TEAM = 6B3539P8YN;
				INFOPLIST_FILE = rotation/Info.plist;
				IPHONEOS_DEPLOYMENT_TARGET = 9.0;
				LD_RUNPATH_SEARCH_PATHS = "$(inherited) @executable_path/Frameworks";
				PRODUCT_BUNDLE_IDENTIFIER = com.cheanda.carmonitorv1.rotation;
				PRODUCT_NAME = "$(TARGET_NAME)";
				TARGETED_DEVICE_FAMILY = "1,2";
			};
			name = Release;
		};
		E157FC7E2099C23F002B4917 /* Debug */ = {
			isa = XCBuildConfiguration;
			baseConfigurationReference = BE99C7D82B2F8CF03499B324 /* Pods-rotationTests.debug.xcconfig */;
			buildSettings = {
				BUNDLE_LOADER = "$(TEST_HOST)";
				CODE_SIGN_STYLE = Automatic;
				DEVELOPMENT_TEAM = 6B3539P8YN;
				INFOPLIST_FILE = rotationTests/Info.plist;
				LD_RUNPATH_SEARCH_PATHS = "$(inherited) @executable_path/Frameworks @loader_path/Frameworks";
				PRODUCT_BUNDLE_IDENTIFIER = com.cheanda.carmonitorv1.rotationTests;
				PRODUCT_NAME = "$(TARGET_NAME)";
				TARGETED_DEVICE_FAMILY = "1,2";
				TEST_HOST = "$(BUILT_PRODUCTS_DIR)/rotation.app/rotation";
			};
			name = Debug;
		};
		E157FC7F2099C23F002B4917 /* Release */ = {
			isa = XCBuildConfiguration;
			baseConfigurationReference = FD56C24C9D36034B2A0D598E /* Pods-rotationTests.release.xcconfig */;
			buildSettings = {
				BUNDLE_LOADER = "$(TEST_HOST)";
				CODE_SIGN_STYLE = Automatic;
				DEVELOPMENT_TEAM = 6B3539P8YN;
				INFOPLIST_FILE = rotationTests/Info.plist;
				LD_RUNPATH_SEARCH_PATHS = "$(inherited) @executable_path/Frameworks @loader_path/Frameworks";
				PRODUCT_BUNDLE_IDENTIFIER = com.cheanda.carmonitorv1.rotationTests;
				PRODUCT_NAME = "$(TARGET_NAME)";
				TARGETED_DEVICE_FAMILY = "1,2";
				TEST_HOST = "$(BUILT_PRODUCTS_DIR)/rotation.app/rotation";
			};
			name = Release;
		};
		E157FC812099C23F002B4917 /* Debug */ = {
			isa = XCBuildConfiguration;
			baseConfigurationReference = 09B29CE9A59137A451438042 /* Pods-rotationUITests.debug.xcconfig */;
			buildSettings = {
				CODE_SIGN_STYLE = Automatic;
				DEVELOPMENT_TEAM = 6B3539P8YN;
				INFOPLIST_FILE = rotationUITests/Info.plist;
				LD_RUNPATH_SEARCH_PATHS = "$(inherited) @executable_path/Frameworks @loader_path/Frameworks";
				PRODUCT_BUNDLE_IDENTIFIER = com.cheanda.carmonitorv1.rotationUITests;
				PRODUCT_NAME = "$(TARGET_NAME)";
				TARGETED_DEVICE_FAMILY = "1,2";
				TEST_TARGET_NAME = rotation;
			};
			name = Debug;
		};
		E157FC822099C23F002B4917 /* Release */ = {
			isa = XCBuildConfiguration;
			baseConfigurationReference = 44C4121A5C5079E2628FE6AF /* Pods-rotationUITests.release.xcconfig */;
			buildSettings = {
				CODE_SIGN_STYLE = Automatic;
				DEVELOPMENT_TEAM = 6B3539P8YN;
				INFOPLIST_FILE = rotationUITests/Info.plist;
				LD_RUNPATH_SEARCH_PATHS = "$(inherited) @executable_path/Frameworks @loader_path/Frameworks";
				PRODUCT_BUNDLE_IDENTIFIER = com.cheanda.carmonitorv1.rotationUITests;
				PRODUCT_NAME = "$(TARGET_NAME)";
				TARGETED_DEVICE_FAMILY = "1,2";
				TEST_TARGET_NAME = rotation;
			};
			name = Release;
		};
/* End XCBuildConfiguration section */

/* Begin XCConfigurationList section */
		E157FC492099C23F002B4917 /* Build configuration list for PBXProject "rotation" */ = {
			isa = XCConfigurationList;
			buildConfigurations = (
				E157FC782099C23F002B4917 /* Debug */,
				E157FC792099C23F002B4917 /* Release */,
			);
			defaultConfigurationIsVisible = 0;
			defaultConfigurationName = Release;
		};
		E157FC7A2099C23F002B4917 /* Build configuration list for PBXNativeTarget "rotation" */ = {
			isa = XCConfigurationList;
			buildConfigurations = (
				E157FC7B2099C23F002B4917 /* Debug */,
				E157FC7C2099C23F002B4917 /* Release */,
			);
			defaultConfigurationIsVisible = 0;
			defaultConfigurationName = Release;
		};
		E157FC7D2099C23F002B4917 /* Build configuration list for PBXNativeTarget "rotationTests" */ = {
			isa = XCConfigurationList;
			buildConfigurations = (
				E157FC7E2099C23F002B4917 /* Debug */,
				E157FC7F2099C23F002B4917 /* Release */,
			);
			defaultConfigurationIsVisible = 0;
			defaultConfigurationName = Release;
		};
		E157FC802099C23F002B4917 /* Build configuration list for PBXNativeTarget "rotationUITests" */ = {
			isa = XCConfigurationList;
			buildConfigurations = (
				E157FC812099C23F002B4917 /* Debug */,
				E157FC822099C23F002B4917 /* Release */,
			);
			defaultConfigurationIsVisible = 0;
			defaultConfigurationName = Release;
		};
/* End XCConfigurationList section */
	};
	rootObject = E157FC462099C23F002B4917 /* Project object */;
}
